#!r6rs ; -*- mode: scheme; coding: utf-8 -*-
;; This file is automatically generated - do not change it by hand.
(import (akku format lockfile))
(projects
  ((name "chez-srfi")
    (location (git "https://github.com/arcfide/chez-srfi.git"))
    (revision "73bbf95564184140242fa3d806bdb5995af42ae3"))
  ((name "hashing")
    (location (git "https://github.com/weinholt/hashing.git"))
    (tag "v1.2.0")
    (revision "f138deaec38d54ddb621c082764ece276deebe7f"))
  ((name "struct-pack")
    (location
      (git "https://github.com/weinholt/struct-pack.git"))
    (tag "v1.0.0")
    (revision "eec155b069d03c12be62444754514a8fff34d4ea")))
